lockfileVersion: '9.0'

settings:
  autoInstallPeers: true
  excludeLinksFromLockfile: false

importers:

  .:
    dependencies:
      use-debounce:
        specifier: ^10.0.6
        version: 10.0.6(react@19.1.1)

packages:

  react@19.1.1:
    resolution: {integrity: sha512-w8nqGImo45dmMIfljjMwOGtbmC/mk4CMYhWIicdSflH91J9TyCyczcPFXJzrZ/ZXcgGRFeP6BU0BEJTw6tZdfQ==}
    engines: {node: '>=0.10.0'}

  use-debounce@10.0.6:
    resolution: {integrity: sha512-C5OtPyhAZgVoteO9heXMTdW7v/IbFI+8bSVKYCJrSmiWWCLsbUxiBSp4t9v0hNBTGY97bT72ydDIDyGSFWfwXg==}
    engines: {node: '>= 16.0.0'}
    peerDependencies:
      react: '*'

snapshots:

  react@19.1.1: {}

  use-debounce@10.0.6(react@19.1.1):
    dependencies:
      react: 19.1.1
